// !$*UTF8*$!
{
	archiveVersion = 1;
	classes = {
	};
	objectVersion = 50;
	objects = {

/* Begin PBXBuildFile section */
		B6C0E388251FB81E009CC4E8 /* AppDelegate.swift in Sources */ = {isa = PBXBuildFile; fileRef = B6C0E387251FB81E009CC4E8 /* AppDelegate.swift */; };
		B6C0E38A251FB81E009CC4E8 /* SceneDelegate.swift in Sources */ = {isa = PBXBuildFile; fileRef = B6C0E389251FB81E009CC4E8 /* SceneDelegate.swift */; };
		B6C0E38C251FB81E009CC4E8 /* ViewController.swift in Sources */ = {isa = PBXBuildFile; fileRef = B6C0E38B251FB81E009CC4E8 /* ViewController.swift */; };
		B6C0E38F251FB81E009CC4E8 /* Main.storyboard in Resources */ = {isa = PBXBuildFile; fileRef = B6C0E38D251FB81E009CC4E8 /* Main.storyboard */; };
		B6C0E391251FB821009CC4E8 /* Assets.xcassets in Resources */ = {isa = PBXBuildFile; fileRef = B6C0E390251FB821009CC4E8 /* Assets.xcassets */; };
		B6C0E394251FB821009CC4E8 /* LaunchScreen.storyboard in Resources */ = {isa = PBXBuildFile; fileRef = B6C0E392251FB821009CC4E8 /* LaunchScreen.storyboard */; };
		B6C0E39F251FB821009CC4E8 /* ParstagramTests.swift in Sources */ = {isa = PBXBuildFile; fileRef = B6C0E39E251FB821009CC4E8 /* ParstagramTests.swift */; };
		B6C0E3AA251FB821009CC4E8 /* ParstagramUITests.swift in Sources */ = {isa = PBXBuildFile; fileRef = B6C0E3A9251FB821009CC4E8 /* ParstagramUITests.swift */; };
/* End PBXBuildFile section */

/* Begin PBXContainerItemProxy section */
		B6C0E39B251FB821009CC4E8 /* PBXContainerItemProxy */ = {
			isa = PBXContainerItemProxy;
			containerPortal = B6C0E37C251FB81E009CC4E8 /* Project object */;
			proxyType = 1;
			remoteGlobalIDString = B6C0E383251FB81E009CC4E8;
			remoteInfo = Parstagram;
		};
		B6C0E3A6251FB821009CC4E8 /* PBXContainerItemProxy */ = {
			isa = PBXContainerItemProxy;
			containerPortal = B6C0E37C251FB81E009CC4E8 /* Project object */;
			proxyType = 1;
			remoteGlobalIDString = B6C0E383251FB81E009CC4E8;
			remoteInfo = Parstagram;
		};
/* End PBXContainerItemProxy section */

/* Begin PBXFileReference section */
		B6C0E384251FB81E009CC4E8 /* Parstagram.app */ = {isa = PBXFileReference; explicitFileType = wrapper.application; includeInIndex = 0; path = Parstagram.app; sourceTree = BUILT_PRODUCTS_DIR; };
		B6C0E387251FB81E009CC4E8 /* AppDelegate.swift */ = {isa = PBXFileReference; lastKnownFileType = sourcecode.swift; path = AppDelegate.swift; sourceTree = "<group>"; };
		B6C0E389251FB81E009CC4E8 /* SceneDelegate.swift */ = {isa = PBXFileReference; lastKnownFileType = sourcecode.swift; path = SceneDelegate.swift; sourceTree = "<group>"; };
		B6C0E38B251FB81E009CC4E8 /* ViewController.swift */ = {isa = PBXFileReference; lastKnownFileType = sourcecode.swift; path = ViewController.swift; sourceTree = "<group>"; };
		B6C0E38E251FB81E009CC4E8 /* Base */ = {isa = PBXFileReference; lastKnownFileType = file.storyboard; name = Base; path = Base.lproj/Main.storyboard; sourceTree = "<group>"; };
		B6C0E390251FB821009CC4E8 /* Assets.xcassets */ = {isa = PBXFileReference; lastKnownFileType = folder.assetcatalog; path = Assets.xcassets; sourceTree = "<group>"; };
		B6C0E393251FB821009CC4E8 /* Base */ = {isa = PBXFileReference; lastKnownFileType = file.storyboard; name = Base; path = Base.lproj/LaunchScreen.storyboard; sourceTree = "<group>"; };
		B6C0E395251FB821009CC4E8 /* Info.plist */ = {isa = PBXFileReference; lastKnownFileType = text.plist.xml; path = Info.plist; sourceTree = "<group>"; };
		B6C0E39A251FB821009CC4E8 /* ParstagramTests.xctest */ = {isa = PBXFileReference; explicitFileType = wrapper.cfbundle; includeInIndex = 0; path = ParstagramTests.xctest; sourceTree = BUILT_PRODUCTS_DIR; };
		B6C0E39E251FB821009CC4E8 /* ParstagramTests.swift */ = {isa = PBXFileReference; lastKnownFileType = sourcecode.swift; path = ParstagramTests.swift; sourceTree = "<group>"; };
		B6C0E3A0251FB821009CC4E8 /* Info.plist */ = {isa = PBXFileReference; lastKnownFileType = text.plist.xml; path = Info.plist; sourceTree = "<group>"; };
		B6C0E3A5251FB821009CC4E8 /* ParstagramUITests.xctest */ = {isa = PBXFileReference; explicitFileType = wrapper.cfbundle; includeInIndex = 0; path = ParstagramUITests.xctest; sourceTree = BUILT_PRODUCTS_DIR; };
		B6C0E3A9251FB821009CC4E8 /* ParstagramUITests.swift */ = {isa = PBXFileReference; lastKnownFileType = sourcecode.swift; path = ParstagramUITests.swift; sourceTree = "<group>"; };
		B6C0E3AB251FB821009CC4E8 /* Info.plist */ = {isa = PBXFileReference; lastKnownFileType = text.plist.xml; path = Info.plist; sourceTree = "<group>"; };
/* End PBXFileReference section */

/* Begin PBXFrameworksBuildPhase section */
		B6C0E381251FB81E009CC4E8 /* Frameworks */ = {
			isa = PBXFrameworksBuildPhase;
			buildActionMask = 2147483647;
			files = (
			);
			runOnlyForDeploymentPostprocessing = 0;
		};
		B6C0E397251FB821009CC4E8 /* Frameworks */ = {
			isa = PBXFrameworksBuildPhase;
			buildActionMask = 2147483647;
			files = (
			);
			runOnlyForDeploymentPostprocessing = 0;
		};
		B6C0E3A2251FB821009CC4E8 /* Frameworks */ = {
			isa = PBXFrameworksBuildPhase;
			buildActionMask = 2147483647;
			files = (
			);
			runOnlyForDeploymentPostprocessing = 0;
		};
/* End PBXFrameworksBuildPhase section */

/* Begin PBXGroup section */
		B6C0E37B251FB81E009CC4E8 = {
			isa = PBXGroup;
			children = (
				B6C0E386251FB81E009CC4E8 /* Parstagram */,
				B6C0E39D251FB821009CC4E8 /* ParstagramTests */,
				B6C0E3A8251FB821009CC4E8 /* ParstagramUITests */,
				B6C0E385251FB81E009CC4E8 /* Products */,
			);
			sourceTree = "<group>";
		};
		B6C0E385251FB81E009CC4E8 /* Products */ = {
			isa = PBXGroup;
			children = (
				B6C0E384251FB81E009CC4E8 /* Parstagram.app */,
				B6C0E39A251FB821009CC4E8 /* ParstagramTests.xctest */,
				B6C0E3A5251FB821009CC4E8 /* ParstagramUITests.xctest */,
			);
			name = Products;
			sourceTree = "<group>";
		};
		B6C0E386251FB81E009CC4E8 /* Parstagram */ = {
			isa = PBXGroup;
			children = (
				B6C0E387251FB81E009CC4E8 /* AppDelegate.swift */,
				B6C0E389251FB81E009CC4E8 /* SceneDelegate.swift */,
				B6C0E38B251FB81E009CC4E8 /* ViewController.swift */,
				B6C0E38D251FB81E009CC4E8 /* Main.storyboard */,
				B6C0E390251FB821009CC4E8 /* Assets.xcassets */,
				B6C0E392251FB821009CC4E8 /* LaunchScreen.storyboard */,
				B6C0E395251FB821009CC4E8 /* Info.plist */,
			);
			path = Parstagram;
			sourceTree = "<group>";
		};
		B6C0E39D251FB821009CC4E8 /* ParstagramTests */ = {
			isa = PBXGroup;
			children = (
				B6C0E39E251FB821009CC4E8 /* ParstagramTests.swift */,
				B6C0E3A0251FB821009CC4E8 /* Info.plist */,
			);
			path = ParstagramTests;
			sourceTree = "<group>";
		};
		B6C0E3A8251FB821009CC4E8 /* ParstagramUITests */ = {
			isa = PBXGroup;
			children = (
				B6C0E3A9251FB821009CC4E8 /* ParstagramUITests.swift */,
				B6C0E3AB251FB821009CC4E8 /* Info.plist */,
			);
			path = ParstagramUITests;
			sourceTree = "<group>";
		};
/* End PBXGroup section */

/* Begin PBXNativeTarget section */
		B6C0E383251FB81E009CC4E8 /* Parstagram */ = {
			isa = PBXNativeTarget;
			buildConfigurationList = B6C0E3AE251FB821009CC4E8 /* Build configuration list for PBXNativeTarget "Parstagram" */;
			buildPhases = (
				B6C0E380251FB81E009CC4E8 /* Sources */,
				B6C0E381251FB81E009CC4E8 /* Frameworks */,
				B6C0E382251FB81E009CC4E8 /* Resources */,
			);
			buildRules = (
			);
			dependencies = (
			);
			name = Parstagram;
			productName = Parstagram;
			productReference = B6C0E384251FB81E009CC4E8 /* Parstagram.app */;
			productType = "com.apple.product-type.application";
		};
		B6C0E399251FB821009CC4E8 /* ParstagramTests */ = {
			isa = PBXNativeTarget;
			buildConfigurationList = B6C0E3B1251FB821009CC4E8 /* Build configuration list for PBXNativeTarget "ParstagramTests" */;
			buildPhases = (
				B6C0E396251FB821009CC4E8 /* Sources */,
				B6C0E397251FB821009CC4E8 /* Frameworks */,
				B6C0E398251FB821009CC4E8 /* Resources */,
			);
			buildRules = (
			);
			dependencies = (
				B6C0E39C251FB821009CC4E8 /* PBXTargetDependency */,
			);
			name = ParstagramTests;
			productName = ParstagramTests;
			productReference = B6C0E39A251FB821009CC4E8 /* ParstagramTests.xctest */;
			productType = "com.apple.product-type.bundle.unit-test";
		};
		B6C0E3A4251FB821009CC4E8 /* ParstagramUITests */ = {
			isa = PBXNativeTarget;
			buildConfigurationList = B6C0E3B4251FB821009CC4E8 /* Build configuration list for PBXNativeTarget "ParstagramUITests" */;
			buildPhases = (
				B6C0E3A1251FB821009CC4E8 /* Sources */,
				B6C0E3A2251FB821009CC4E8 /* Frameworks */,
				B6C0E3A3251FB821009CC4E8 /* Resources */,
			);
			buildRules = (
			);
			dependencies = (
				B6C0E3A7251FB821009CC4E8 /* PBXTargetDependency */,
			);
			name = ParstagramUITests;
			productName = ParstagramUITests;
			productReference = B6C0E3A5251FB821009CC4E8 /* ParstagramUITests.xctest */;
			productType = "com.apple.product-type.bundle.ui-testing";
		};
/* End PBXNativeTarget section */

/* Begin PBXProject section */
		B6C0E37C251FB81E009CC4E8 /* Project object */ = {
			isa = PBXProject;
			attributes = {
				LastSwiftUpdateCheck = 1160;
				LastUpgradeCheck = 1160;
				ORGANIZATIONNAME = SindhuRam;
				TargetAttributes = {
					B6C0E383251FB81E009CC4E8 = {
						CreatedOnToolsVersion = 11.6;
					};
					B6C0E399251FB821009CC4E8 = {
						CreatedOnToolsVersion = 11.6;
						TestTargetID = B6C0E383251FB81E009CC4E8;
					};
					B6C0E3A4251FB821009CC4E8 = {
						CreatedOnToolsVersion = 11.6;
						TestTargetID = B6C0E383251FB81E009CC4E8;
					};
				};
			};
			buildConfigurationList = B6C0E37F251FB81E009CC4E8 /* Build configuration list for PBXProject "Parstagram" */;
			compatibilityVersion = "Xcode 9.3";
			developmentRegion = en;
			hasScannedForEncodings = 0;
			knownRegions = (
				en,
				Base,
			);
			mainGroup = B6C0E37B251FB81E009CC4E8;
			productRefGroup = B6C0E385251FB81E009CC4E8 /* Products */;
			projectDirPath = "";
			projectRoot = "";
			targets = (
				B6C0E383251FB81E009CC4E8 /* Parstagram */,
				B6C0E399251FB821009CC4E8 /* ParstagramTests */,
				B6C0E3A4251FB821009CC4E8 /* ParstagramUITests */,
			);
		};
/* End PBXProject section */

/* Begin PBXResourcesBuildPhase section */
		B6C0E382251FB81E009CC4E8 /* Resources */ = {
			isa = PBXResourcesBuildPhase;
			buildActionMask = 2147483647;
			files = (
				B6C0E394251FB821009CC4E8 /* LaunchScreen.storyboard in Resources */,
				B6C0E391251FB821009CC4E8 /* Assets.xcassets in Resources */,
				B6C0E38F251FB81E009CC4E8 /* Main.storyboard in Resources */,
			);
			runOnlyForDeploymentPostprocessing = 0;
		};
		B6C0E398251FB821009CC4E8 /* Resources */ = {
			isa = PBXResourcesBuildPhase;
			buildActionMask = 2147483647;
			files = (
			);
			runOnlyForDeploymentPostprocessing = 0;
		};
		B6C0E3A3251FB821009CC4E8 /* Resources */ = {
			isa = PBXResourcesBuildPhase;
			buildActionMask = 2147483647;
			files = (
			);
			runOnlyForDeploymentPostprocessing = 0;
		};
/* End PBXResourcesBuildPhase section */

/* Begin PBXSourcesBuildPhase section */
		B6C0E380251FB81E009CC4E8 /* Sources */ = {
			isa = PBXSourcesBuildPhase;
			buildActionMask = 2147483647;
			files = (
				B6C0E38C251FB81E009CC4E8 /* ViewController.swift in Sources */,
				B6C0E388251FB81E009CC4E8 /* AppDelegate.swift in Sources */,
				B6C0E38A251FB81E009CC4E8 /* SceneDelegate.swift in Sources */,
			);
			runOnlyForDeploymentPostprocessing = 0;
		};
		B6C0E396251FB821009CC4E8 /* Sources */ = {
			isa = PBXSourcesBuildPhase;
			buildActionMask = 2147483647;
			files = (
				B6C0E39F251FB821009CC4E8 /* ParstagramTests.swift in Sources */,
			);
			runOnlyForDeploymentPostprocessing = 0;
		};
		B6C0E3A1251FB821009CC4E8 /* Sources */ = {
			isa = PBXSourcesBuildPhase;
			buildActionMask = 2147483647;
			files = (
				B6C0E3AA251FB821009CC4E8 /* ParstagramUITests.swift in Sources */,
			);
			runOnlyForDeploymentPostprocessing = 0;
		};
/* End PBXSourcesBuildPhase section */

/* Begin PBXTargetDependency section */
		B6C0E39C251FB821009CC4E8 /* PBXTargetDependency */ = {
			isa = PBXTargetDependency;
			target = B6C0E383251FB81E009CC4E8 /* Parstagram */;
			targetProxy = B6C0E39B251FB821009CC4E8 /* PBXContainerItemProxy */;
		};
		B6C0E3A7251FB821009CC4E8 /* PBXTargetDependency */ = {
			isa = PBXTargetDependency;
			target = B6C0E383251FB81E009CC4E8 /* Parstagram */;
			targetProxy = B6C0E3A6251FB821009CC4E8 /* PBXContainerItemProxy */;
		};
/* End PBXTargetDependency section */

/* Begin PBXVariantGroup section */
		B6C0E38D251FB81E009CC4E8 /* Main.storyboard */ = {
			isa = PBXVariantGroup;
			children = (
				B6C0E38E251FB81E009CC4E8 /* Base */,
			);
			name = Main.storyboard;
			sourceTree = "<group>";
		};
		B6C0E392251FB821009CC4E8 /* LaunchScreen.storyboard */ = {
			isa = PBXVariantGroup;
			children = (
				B6C0E393251FB821009CC4E8 /* Base */,
			);
			name = LaunchScreen.storyboard;
			sourceTree = "<group>";
		};
/* End PBXVariantGroup section */

/* Begin XCBuildConfiguration section */
		B6C0E3AC251FB821009CC4E8 /* Debug */ = {
			isa = XCBuildConfiguration;
			buildSettings = {
				ALWAYS_SEARCH_USER_PATHS = NO;
				CLANG_ANALYZER_NONNULL = YES;
				CLANG_ANALYZER_NUMBER_OBJECT_CONVERSION = YES_AGGRESSIVE;
				CLANG_CXX_LANGUAGE_STANDARD = "gnu++14";
				CLANG_CXX_LIBRARY = "libc++";
				CLANG_ENABLE_MODULES = YES;
				CLANG_ENABLE_OBJC_ARC = YES;
				CLANG_ENABLE_OBJC_WEAK = YES;
				CLANG_WARN_BLOCK_CAPTURE_AUTORELEASING = YES;
				CLANG_WARN_BOOL_CONVERSION = YES;
				CLANG_WARN_COMMA = YES;
				CLANG_WARN_CONSTANT_CONVERSION = YES;
				CLANG_WARN_DEPRECATED_OBJC_IMPLEMENTATIONS = YES;
				CLANG_WARN_DIRECT_OBJC_ISA_USAGE = YES_ERROR;
				CLANG_WARN_DOCUMENTATION_COMMENTS = YES;
				CLANG_WARN_EMPTY_BODY = YES;
				CLANG_WARN_ENUM_CONVERSION = YES;
				CLANG_WARN_INFINITE_RECURSION = YES;
				CLANG_WARN_INT_CONVERSION = YES;
				CLANG_WARN_NON_LITERAL_NULL_CONVERSION = YES;
				CLANG_WARN_OBJC_IMPLICIT_RETAIN_SELF = YES;
				CLANG_WARN_OBJC_LITERAL_CONVERSION = YES;
				CLANG_WARN_OBJC_ROOT_CLASS = YES_ERROR;
				CLANG_WARN_RANGE_LOOP_ANALYSIS = YES;
				CLANG_WARN_STRICT_PROTOTYPES = YES;
				CLANG_WARN_SUSPICIOUS_MOVE = YES;
				CLANG_WARN_UNGUARDED_AVAILABILITY = YES_AGGRESSIVE;
				CLANG_WARN_UNREACHABLE_CODE = YES;
				CLANG_WARN__DUPLICATE_METHOD_MATCH = YES;
				COPY_PHASE_STRIP = NO;
				DEBUG_INFORMATION_FORMAT = dwarf;
				ENABLE_STRICT_OBJC_MSGSEND = YES;
				ENABLE_TESTABILITY = YES;
				GCC_C_LANGUAGE_STANDARD = gnu11;
				GCC_DYNAMIC_NO_PIC = NO;
				GCC_NO_COMMON_BLOCKS = YES;
				GCC_OPTIMIZATION_LEVEL = 0;
				GCC_PREPROCESSOR_DEFINITIONS = (
					"DEBUG=1",
					"$(inherited)",
				);
				GCC_WARN_64_TO_32_BIT_CONVERSION = YES;
				GCC_WARN_ABOUT_RETURN_TYPE = YES_ERROR;
				GCC_WARN_UNDECLARED_SELECTOR = YES;
				GCC_WARN_UNINITIALIZED_AUTOS = YES_AGGRESSIVE;
				GCC_WARN_UNUSED_FUNCTION = YES;
				GCC_WARN_UNUSED_VARIABLE = YES;
				IPHONEOS_DEPLOYMENT_TARGET = 13.6;
				MTL_ENABLE_DEBUG_INFO = INCLUDE_SOURCE;
				MTL_FAST_MATH = YES;
				ONLY_ACTIVE_ARCH = YES;
				SDKROOT = iphoneos;
				SWIFT_ACTIVE_COMPILATION_CONDITIONS = DEBUG;
				SWIFT_OPTIMIZATION_LEVEL = "-Onone";
			};
			name = Debug;
		};
		B6C0E3AD251FB821009CC4E8 /* Release */ = {
			isa = XCBuildConfiguration;
			buildSettings = {
				ALWAYS_SEARCH_USER_PATHS = NO;
				CLANG_ANALYZER_NONNULL = YES;
				CLANG_ANALYZER_NUMBER_OBJECT_CONVERSION = YES_AGGRESSIVE;
				CLANG_CXX_LANGUAGE_STANDARD = "gnu++14";
				CLANG_CXX_LIBRARY = "libc++";
				CLANG_ENABLE_MODULES = YES;
				CLANG_ENABLE_OBJC_ARC = YES;
				CLANG_ENABLE_OBJC_WEAK = YES;
				CLANG_WARN_BLOCK_CAPTURE_AUTORELEASING = YES;
				CLANG_WARN_BOOL_CONVERSION = YES;
				CLANG_WARN_COMMA = YES;
				CLANG_WARN_CONSTANT_CONVERSION = YES;
				CLANG_WARN_DEPRECATED_OBJC_IMPLEMENTATIONS = YES;
				CLANG_WARN_DIRECT_OBJC_ISA_USAGE = YES_ERROR;
				CLANG_WARN_DOCUMENTATION_COMMENTS = YES;
				CLANG_WARN_EMPTY_BODY = YES;
				CLANG_WARN_ENUM_CONVERSION = YES;
				CLANG_WARN_INFINITE_RECURSION = YES;
				CLANG_WARN_INT_CONVERSION = YES;
				CLANG_WARN_NON_LITERAL_NULL_CONVERSION = YES;
				CLANG_WARN_OBJC_IMPLICIT_RETAIN_SELF = YES;
				CLANG_WARN_OBJC_LITERAL_CONVERSION = YES;
				CLANG_WARN_OBJC_ROOT_CLASS = YES_ERROR;
				CLANG_WARN_RANGE_LOOP_ANALYSIS = YES;
				CLANG_WARN_STRICT_PROTOTYPES = YES;
				CLANG_WARN_SUSPICIOUS_MOVE = YES;
				CLANG_WARN_UNGUARDED_AVAILABILITY = YES_AGGRESSIVE;
				CLANG_WARN_UNREACHABLE_CODE = YES;
				CLANG_WARN__DUPLICATE_METHOD_MATCH = YES;
				COPY_PHASE_STRIP = NO;
				DEBUG_INFORMATION_FORMAT = "dwarf-with-dsym";
				ENABLE_NS_ASSERTIONS = NO;
				ENABLE_STRICT_OBJC_MSGSEND = YES;
				GCC_C_LANGUAGE_STANDARD = gnu11;
				GCC_NO_COMMON_BLOCKS = YES;
				GCC_WARN_64_TO_32_BIT_CONVERSION = YES;
				GCC_WARN_ABOUT_RETURN_TYPE = YES_ERROR;
				GCC_WARN_UNDECLARED_SELECTOR = YES;
				GCC_WARN_UNINITIALIZED_AUTOS = YES_AGGRESSIVE;
				GCC_WARN_UNUSED_FUNCTION = YES;
				GCC_WARN_UNUSED_VARIABLE = YES;
				IPHONEOS_DEPLOYMENT_TARGET = 13.6;
				MTL_ENABLE_DEBUG_INFO = NO;
				MTL_FAST_MATH = YES;
				SDKROOT = iphoneos;
				SWIFT_COMPILATION_MODE = wholemodule;
				SWIFT_OPTIMIZATION_LEVEL = "-O";
				VALIDATE_PRODUCT = YES;
			};
			name = Release;
		};
		B6C0E3AF251FB821009CC4E8 /* Debug */ = {
			isa = XCBuildConfiguration;
			buildSettings = {
				ASSETCATALOG_COMPILER_APPICON_NAME = AppIcon;
				CODE_SIGN_STYLE = Automatic;
				INFOPLIST_FILE = Parstagram/Info.plist;
				LD_RUNPATH_SEARCH_PATHS = (
					"$(inherited)",
					"@executable_path/Frameworks",
				);
				PRODUCT_BUNDLE_IDENTIFIER = SindhuRam.Parstagram;
				PRODUCT_NAME = "$(TARGET_NAME)";
				SWIFT_VERSION = 5.0;
				TARGETED_DEVICE_FAMILY = "1,2";
			};
			name = Debug;
		};
		B6C0E3B0251FB821009CC4E8 /* Release */ = {
			isa = XCBuildConfiguration;
			buildSettings = {
				ASSETCATALOG_COMPILER_APPICON_NAME = AppIcon;
				CODE_SIGN_STYLE = Automatic;
				INFOPLIST_FILE = Parstagram/Info.plist;
				LD_RUNPATH_SEARCH_PATHS = (
					"$(inherited)",
					"@executable_path/Frameworks",
				);
				PRODUCT_BUNDLE_IDENTIFIER = SindhuRam.Parstagram;
				PRODUCT_NAME = "$(TARGET_NAME)";
				SWIFT_VERSION = 5.0;
				TARGETED_DEVICE_FAMILY = "1,2";
			};
			name = Release;
		};
		B6C0E3B2251FB821009CC4E8 /* Debug */ = {
			isa = XCBuildConfiguration;
			buildSettings = {
				ALWAYS_EMBED_SWIFT_STANDARD_LIBRARIES = YES;
				BUNDLE_LOADER = "$(TEST_HOST)";
				CODE_SIGN_STYLE = Automatic;
				INFOPLIST_FILE = ParstagramTests/Info.plist;
				IPHONEOS_DEPLOYMENT_TARGET = 13.6;
				LD_RUNPATH_SEARCH_PATHS = (
					"$(inherited)",
					"@executable_path/Frameworks",
					"@loader_path/Frameworks",
				);
				PRODUCT_BUNDLE_IDENTIFIER = SindhuRam.ParstagramTests;
				PRODUCT_NAME = "$(TARGET_NAME)";
				SWIFT_VERSION = 5.0;
				TARGETED_DEVICE_FAMILY = "1,2";
				TEST_HOST = "$(BUILT_PRODUCTS_DIR)/Parstagram.app/Parstagram";
			};
			name = Debug;
		};
		B6C0E3B3251FB821009CC4E8 /* Release */ = {
			isa = XCBuildConfiguration;
			buildSettings = {
				ALWAYS_EMBED_SWIFT_STANDARD_LIBRARIES = YES;
				BUNDLE_LOADER = "$(TEST_HOST)";
				CODE_SIGN_STYLE = Automatic;
				INFOPLIST_FILE = ParstagramTests/Info.plist;
				IPHONEOS_DEPLOYMENT_TARGET = 13.6;
				LD_RUNPATH_SEARCH_PATHS = (
					"$(inherited)",
					"@executable_path/Frameworks",
					"@loader_path/Frameworks",
				);
				PRODUCT_BUNDLE_IDENTIFIER = SindhuRam.ParstagramTests;
				PRODUCT_NAME = "$(TARGET_NAME)";
				SWIFT_VERSION = 5.0;
				TARGETED_DEVICE_FAMILY = "1,2";
				TEST_HOST = "$(BUILT_PRODUCTS_DIR)/Parstagram.app/Parstagram";
			};
			name = Release;
		};
		B6C0E3B5251FB821009CC4E8 /* Debug */ = {
			isa = XCBuildConfiguration;
			buildSettings = {
				ALWAYS_EMBED_SWIFT_STANDARD_LIBRARIES = YES;
				CODE_SIGN_STYLE = Automatic;
				INFOPLIST_FILE = ParstagramUITests/Info.plist;
				LD_RUNPATH_SEARCH_PATHS = (
					"$(inherited)",
					"@executable_path/Frameworks",
					"@loader_path/Frameworks",
				);
				PRODUCT_BUNDLE_IDENTIFIER = SindhuRam.ParstagramUITests;
				PRODUCT_NAME = "$(TARGET_NAME)";
				SWIFT_VERSION = 5.0;
				TARGETED_DEVICE_FAMILY = "1,2";
				TEST_TARGET_NAME = Parstagram;
			};
			name = Debug;
		};
		B6C0E3B6251FB821009CC4E8 /* Release */ = {
			isa = XCBuildConfiguration;
			buildSettings = {
				ALWAYS_EMBED_SWIFT_STANDARD_LIBRARIES = YES;
				CODE_SIGN_STYLE = Automatic;
				INFOPLIST_FILE = ParstagramUITests/Info.plist;
				LD_RUNPATH_SEARCH_PATHS = (
					"$(inherited)",
					"@executable_path/Frameworks",
					"@loader_path/Frameworks",
				);
				PRODUCT_BUNDLE_IDENTIFIER = SindhuRam.ParstagramUITests;
				PRODUCT_NAME = "$(TARGET_NAME)";
				SWIFT_VERSION = 5.0;
				TARGETED_DEVICE_FAMILY = "1,2";
				TEST_TARGET_NAME = Parstagram;
			};
			name = Release;
		};
/* End XCBuildConfiguration section */

/* Begin XCConfigurationList section */
		B6C0E37F251FB81E009CC4E8 /* Build configuration list for PBXProject "Parstagram" */ = {
			isa = XCConfigurationList;
			buildConfigurations = (
				B6C0E3AC251FB821009CC4E8 /* Debug */,
				B6C0E3AD251FB821009CC4E8 /* Release */,
			);
			defaultConfigurationIsVisible = 0;
			defaultConfigurationName = Release;
		};
		B6C0E3AE251FB821009CC4E8 /* Build configuration list for PBXNativeTarget "Parstagram" */ = {
			isa = XCConfigurationList;
			buildConfigurations = (
				B6C0E3AF251FB821009CC4E8 /* Debug */,
				B6C0E3B0251FB821009CC4E8 /* Release */,
			);
			defaultConfigurationIsVisible = 0;
			defaultConfigurationName = Release;
		};
		B6C0E3B1251FB821009CC4E8 /* Build configuration list for PBXNativeTarget "ParstagramTests" */ = {
			isa = XCConfigurationList;
			buildConfigurations = (
				B6C0E3B2251FB821009CC4E8 /* Debug */,
				B6C0E3B3251FB821009CC4E8 /* Release */,
			);
			defaultConfigurationIsVisible = 0;
			defaultConfigurationName = Release;
		};
		B6C0E3B4251FB821009CC4E8 /* Build configuration list for PBXNativeTarget "ParstagramUITests" */ = {
			isa = XCConfigurationList;
			buildConfigurations = (
				B6C0E3B5251FB821009CC4E8 /* Debug */,
				B6C0E3B6251FB821009CC4E8 /* Release */,
			);
			defaultConfigurationIsVisible = 0;
			defaultConfigurationName = Release;
		};
/* End XCConfigurationList section */
	};
	rootObject = B6C0E37C251FB81E009CC4E8 /* Project object */;
}
